
Microsoft Visual Studio Solution File, Format Version 12.00
# Visual Studio Version 16
VisualStudioVersion = 16.0.31605.320
MinimumVisualStudioVersion = 10.0.40219.1
Project("{FAE04EC0-301F-11D3-BF4B-00C04F79EFBC}") = "EcodomusTest", "EcodomusTest\EcodomusTest.csproj", "{F501A7CE-B31B-402C-8F45-D5CF8E9324B1}"
EndProject
Global
	GlobalSection(SolutionConfigurationPlatforms) = preSolution
		Debug|Any CPU = Debug|Any CPU
		Release|Any CPU = Release|Any CPU
	EndGlobalSection
	GlobalSection(ProjectConfigurationPlatforms) = postSolution
		{F501A7CE-B31B-402C-8F45-D5CF8E9324B1}.Debug|Any CPU.ActiveCfg = Debug|Any CPU
		{F501A7CE-B31B-402C-8F45-D5CF8E9324B1}.Debug|Any CPU.Build.0 = Debug|Any CPU
		{F501A7CE-B31B-402C-8F45-D5CF8E9324B1}.Release|Any CPU.ActiveCfg = Release|Any CPU
		{F501A7CE-B31B-402C-8F45-D5CF8E9324B1}.Release|Any CPU.Build.0 = Release|Any CPU
	EndGlobalSection
	GlobalSection(SolutionProperties) = preSolution
		HideSolutionNode = FALSE
	EndGlobalSection
	GlobalSection(ExtensibilityGlobals) = postSolution
		SolutionGuid = {D99E44B3-B9D1-4CA2-A08A-4C966F1C1EEF}
	EndGlobalSection
EndGlobal
